// !$*UTF8*$!
{
	archiveVersion = 1;
	classes = {
	};
	objectVersion = 56;
	objects = {

/* Begin PBXBuildFile section */
		9D7AA3622A854865005E0755 /* SignUpOptionVC.swift in Sources */ = {isa = PBXBuildFile; fileRef = 9D7AA3612A854865005E0755 /* SignUpOptionVC.swift */; };
		9D7AA3642A8564CD005E0755 /* SignUpVC.swift in Sources */ = {isa = PBXBuildFile; fileRef = 9D7AA3632A8564CD005E0755 /* SignUpVC.swift */; };
		9D7AA3662A85671C005E0755 /* SignUpInteractor.swift in Sources */ = {isa = PBXBuildFile; fileRef = 9D7AA3652A85671C005E0755 /* SignUpInteractor.swift */; };
		9D7AA3682A856754005E0755 /* SignUpPresenter.swift in Sources */ = {isa = PBXBuildFile; fileRef = 9D7AA3672A856754005E0755 /* SignUpPresenter.swift */; };
		9D7AA36B2A8FAF86005E0755 /* ProfileNC.swift in Sources */ = {isa = PBXBuildFile; fileRef = 9D7AA36A2A8FAF86005E0755 /* ProfileNC.swift */; };
		9D7AA36D2A8FC5D9005E0755 /* CardCell.swift in Sources */ = {isa = PBXBuildFile; fileRef = 9D7AA36C2A8FC5D9005E0755 /* CardCell.swift */; };
		9D7AA3702A962075005E0755 /* DBUserManager.swift in Sources */ = {isa = PBXBuildFile; fileRef = 9D7AA36F2A962075005E0755 /* DBUserManager.swift */; };
		9DADBC642AA1F545002B3C6F /* DBUser.swift in Sources */ = {isa = PBXBuildFile; fileRef = 9DADBC632AA1F545002B3C6F /* DBUser.swift */; };
		9DAF8A422A657D6300FCD25E /* SignInVC.swift in Sources */ = {isa = PBXBuildFile; fileRef = 9DAF8A412A657D6300FCD25E /* SignInVC.swift */; };
		9DAF8A502A6C46AE00FCD25E /* SignInInteractor.swift in Sources */ = {isa = PBXBuildFile; fileRef = 9DAF8A4F2A6C46AE00FCD25E /* SignInInteractor.swift */; };
		9DAF8A522A6C46C100FCD25E /* SignInPresenter.swift in Sources */ = {isa = PBXBuildFile; fileRef = 9DAF8A512A6C46C100FCD25E /* SignInPresenter.swift */; };
		9DAF8A552A716A9C00FCD25E /* Evaluator.swift in Sources */ = {isa = PBXBuildFile; fileRef = 9DAF8A542A716A9C00FCD25E /* Evaluator.swift */; };
		9DAF8A572A71742800FCD25E /* MainInteractor.swift in Sources */ = {isa = PBXBuildFile; fileRef = 9DAF8A562A71742800FCD25E /* MainInteractor.swift */; };
		9DAF8A592A71743300FCD25E /* MainPresenter.swift in Sources */ = {isa = PBXBuildFile; fileRef = 9DAF8A582A71743300FCD25E /* MainPresenter.swift */; };
		9DBE1F002A81334D00EBFCFA /* AuthNC.swift in Sources */ = {isa = PBXBuildFile; fileRef = 9DBE1EFF2A81334D00EBFCFA /* AuthNC.swift */; };
		9DC1D4AA2A9F51AE008B118A /* UserInfoVC.swift in Sources */ = {isa = PBXBuildFile; fileRef = 9DC1D4A92A9F51AE008B118A /* UserInfoVC.swift */; };
		9DC1D4AC2A9F51C3008B118A /* UserInfoInteractor.swift in Sources */ = {isa = PBXBuildFile; fileRef = 9DC1D4AB2A9F51C3008B118A /* UserInfoInteractor.swift */; };
		9DC1D4AE2A9F51CD008B118A /* UserInfoPresenter.swift in Sources */ = {isa = PBXBuildFile; fileRef = 9DC1D4AD2A9F51CD008B118A /* UserInfoPresenter.swift */; };
		9DC1D4B02A9F5C34008B118A /* UserInfoTextField.swift in Sources */ = {isa = PBXBuildFile; fileRef = 9DC1D4AF2A9F5C34008B118A /* UserInfoTextField.swift */; };
		9DC1D4B22AA11D2F008B118A /* UserInfoCell.swift in Sources */ = {isa = PBXBuildFile; fileRef = 9DC1D4B12AA11D2F008B118A /* UserInfoCell.swift */; };
		9DC48FB32A48D39B0021362D /* AppDelegate.swift in Sources */ = {isa = PBXBuildFile; fileRef = 9DC48FB22A48D39B0021362D /* AppDelegate.swift */; };
		9DC48FB52A48D39B0021362D /* SceneDelegate.swift in Sources */ = {isa = PBXBuildFile; fileRef = 9DC48FB42A48D39B0021362D /* SceneDelegate.swift */; };
		9DC48FBC2A48D39C0021362D /* Assets.xcassets in Resources */ = {isa = PBXBuildFile; fileRef = 9DC48FBB2A48D39C0021362D /* Assets.xcassets */; };
		9DC48FBF2A48D39C0021362D /* LaunchScreen.storyboard in Resources */ = {isa = PBXBuildFile; fileRef = 9DC48FBD2A48D39C0021362D /* LaunchScreen.storyboard */; };
		9DC48FCB2A4EB0070021362D /* Service+Prot.swift in Sources */ = {isa = PBXBuildFile; fileRef = 9DC48FCA2A4EB0070021362D /* Service+Prot.swift */; };
		9DC48FCD2A4EB4D20021362D /* ServiceInjector.swift in Sources */ = {isa = PBXBuildFile; fileRef = 9DC48FCC2A4EB4D20021362D /* ServiceInjector.swift */; };
		9DC48FD12A4EC1060021362D /* FBAuth.swift in Sources */ = {isa = PBXBuildFile; fileRef = 9DC48FD02A4EC1060021362D /* FBAuth.swift */; };
		9DC48FD32A4EC12F0021362D /* FirestoreDB.swift in Sources */ = {isa = PBXBuildFile; fileRef = 9DC48FD22A4EC12F0021362D /* FirestoreDB.swift */; };
		9DC48FD52A4EC17A0021362D /* DataStore.swift in Sources */ = {isa = PBXBuildFile; fileRef = 9DC48FD42A4EC17A0021362D /* DataStore.swift */; };
		9DC48FE02A58A6310021362D /* CoordinatorProtocol.swift in Sources */ = {isa = PBXBuildFile; fileRef = 9DC48FDF2A58A6310021362D /* CoordinatorProtocol.swift */; };
		9DC48FE22A58A6BD0021362D /* MainCoordinator.swift in Sources */ = {isa = PBXBuildFile; fileRef = 9DC48FE12A58A6BD0021362D /* MainCoordinator.swift */; };
		9DC48FEB2A58A9A60021362D /* ProfileCoordinator.swift in Sources */ = {isa = PBXBuildFile; fileRef = 9DC48FEA2A58A9A60021362D /* ProfileCoordinator.swift */; };
		9DC48FED2A58A9B10021362D /* SettingsCoordinator.swift in Sources */ = {isa = PBXBuildFile; fileRef = 9DC48FEC2A58A9B10021362D /* SettingsCoordinator.swift */; };
		9DC48FEF2A58A9BB0021362D /* CardCoordinator.swift in Sources */ = {isa = PBXBuildFile; fileRef = 9DC48FEE2A58A9BB0021362D /* CardCoordinator.swift */; };
		9DC48FF12A58A9C80021362D /* MessagesCoordinator.swift in Sources */ = {isa = PBXBuildFile; fileRef = 9DC48FF02A58A9C80021362D /* MessagesCoordinator.swift */; };
		9DC48FF82A58AD010021362D /* MainVC.swift in Sources */ = {isa = PBXBuildFile; fileRef = 9DC48FF72A58AD010021362D /* MainVC.swift */; };
		9DC48FFA2A5FF4940021362D /* SettingsVC.swift in Sources */ = {isa = PBXBuildFile; fileRef = 9DC48FF92A5FF4940021362D /* SettingsVC.swift */; };
		9DC490002A604DE20021362D /* CardVC.swift in Sources */ = {isa = PBXBuildFile; fileRef = 9DC48FFF2A604DE20021362D /* CardVC.swift */; };
		9DC490022A6054DA0021362D /* MessagesVC.swift in Sources */ = {isa = PBXBuildFile; fileRef = 9DC490012A6054DA0021362D /* MessagesVC.swift */; };
		9DC490042A605AEA0021362D /* ProfileVC.swift in Sources */ = {isa = PBXBuildFile; fileRef = 9DC490032A605AEA0021362D /* ProfileVC.swift */; };
		9DC490062A609E930021362D /* ProfileInteractor.swift in Sources */ = {isa = PBXBuildFile; fileRef = 9DC490052A609E930021362D /* ProfileInteractor.swift */; };
		9DC490082A609ECB0021362D /* ProfilePresenter.swift in Sources */ = {isa = PBXBuildFile; fileRef = 9DC490072A609ECB0021362D /* ProfilePresenter.swift */; };
		9DC4900A2A6156790021362D /* GoogleService-Info.plist in Resources */ = {isa = PBXBuildFile; fileRef = 9DC490092A6156790021362D /* GoogleService-Info.plist */; };
		9DC4900D2A6157510021362D /* FirebaseAnalyticsSwift in Frameworks */ = {isa = PBXBuildFile; productRef = 9DC4900C2A6157510021362D /* FirebaseAnalyticsSwift */; };
		9DC4900F2A6157510021362D /* FirebaseAuth in Frameworks */ = {isa = PBXBuildFile; productRef = 9DC4900E2A6157510021362D /* FirebaseAuth */; };
		9DC490112A6157510021362D /* FirebaseDatabaseSwift in Frameworks */ = {isa = PBXBuildFile; productRef = 9DC490102A6157510021362D /* FirebaseDatabaseSwift */; };
		9DC490132A6157510021362D /* FirebaseFirestoreSwift in Frameworks */ = {isa = PBXBuildFile; productRef = 9DC490122A6157510021362D /* FirebaseFirestoreSwift */; };
		9DC490152A6157510021362D /* FirebaseStorage in Frameworks */ = {isa = PBXBuildFile; productRef = 9DC490142A6157510021362D /* FirebaseStorage */; };
		9DC4901D2A6166640021362D /* ImageNames.swift in Sources */ = {isa = PBXBuildFile; fileRef = 9DC4901C2A6166640021362D /* ImageNames.swift */; };
		9DC4901F2A6168080021362D /* UICollor.swift in Sources */ = {isa = PBXBuildFile; fileRef = 9DC4901E2A6168080021362D /* UICollor.swift */; };
		9DC4902E2A616F400021362D /* AuthOptionVC.swift in Sources */ = {isa = PBXBuildFile; fileRef = 9DC4902D2A616F400021362D /* AuthOptionVC.swift */; };
		9DC490302A616F560021362D /* AuthCoordinator.swift in Sources */ = {isa = PBXBuildFile; fileRef = 9DC4902F2A616F560021362D /* AuthCoordinator.swift */; };
		9DC490322A6171AE0021362D /* UIView.swift in Sources */ = {isa = PBXBuildFile; fileRef = 9DC490312A6171AE0021362D /* UIView.swift */; };
/* End PBXBuildFile section */

/* Begin PBXFileReference section */
		9D7AA3612A854865005E0755 /* SignUpOptionVC.swift */ = {isa = PBXFileReference; lastKnownFileType = sourcecode.swift; path = SignUpOptionVC.swift; sourceTree = "<group>"; };
		9D7AA3632A8564CD005E0755 /* SignUpVC.swift */ = {isa = PBXFileReference; lastKnownFileType = sourcecode.swift; path = SignUpVC.swift; sourceTree = "<group>"; };
		9D7AA3652A85671C005E0755 /* SignUpInteractor.swift */ = {isa = PBXFileReference; lastKnownFileType = sourcecode.swift; path = SignUpInteractor.swift; sourceTree = "<group>"; };
		9D7AA3672A856754005E0755 /* SignUpPresenter.swift */ = {isa = PBXFileReference; lastKnownFileType = sourcecode.swift; path = SignUpPresenter.swift; sourceTree = "<group>"; };
		9D7AA36A2A8FAF86005E0755 /* ProfileNC.swift */ = {isa = PBXFileReference; lastKnownFileType = sourcecode.swift; path = ProfileNC.swift; sourceTree = "<group>"; };
		9D7AA36C2A8FC5D9005E0755 /* CardCell.swift */ = {isa = PBXFileReference; lastKnownFileType = sourcecode.swift; path = CardCell.swift; sourceTree = "<group>"; };
		9D7AA36F2A962075005E0755 /* DBUserManager.swift */ = {isa = PBXFileReference; lastKnownFileType = sourcecode.swift; path = DBUserManager.swift; sourceTree = "<group>"; };
		9DADBC632AA1F545002B3C6F /* DBUser.swift */ = {isa = PBXFileReference; lastKnownFileType = sourcecode.swift; path = DBUser.swift; sourceTree = "<group>"; };
		9DAF8A412A657D6300FCD25E /* SignInVC.swift */ = {isa = PBXFileReference; lastKnownFileType = sourcecode.swift; path = SignInVC.swift; sourceTree = "<group>"; };
		9DAF8A4F2A6C46AE00FCD25E /* SignInInteractor.swift */ = {isa = PBXFileReference; lastKnownFileType = sourcecode.swift; path = SignInInteractor.swift; sourceTree = "<group>"; };
		9DAF8A512A6C46C100FCD25E /* SignInPresenter.swift */ = {isa = PBXFileReference; lastKnownFileType = sourcecode.swift; path = SignInPresenter.swift; sourceTree = "<group>"; };
		9DAF8A542A716A9C00FCD25E /* Evaluator.swift */ = {isa = PBXFileReference; lastKnownFileType = sourcecode.swift; path = Evaluator.swift; sourceTree = "<group>"; };
		9DAF8A562A71742800FCD25E /* MainInteractor.swift */ = {isa = PBXFileReference; lastKnownFileType = sourcecode.swift; path = MainInteractor.swift; sourceTree = "<group>"; };
		9DAF8A582A71743300FCD25E /* MainPresenter.swift */ = {isa = PBXFileReference; lastKnownFileType = sourcecode.swift; path = MainPresenter.swift; sourceTree = "<group>"; };
		9DBE1EFF2A81334D00EBFCFA /* AuthNC.swift */ = {isa = PBXFileReference; lastKnownFileType = sourcecode.swift; path = AuthNC.swift; sourceTree = "<group>"; };
		9DC1D4A92A9F51AE008B118A /* UserInfoVC.swift */ = {isa = PBXFileReference; lastKnownFileType = sourcecode.swift; path = UserInfoVC.swift; sourceTree = "<group>"; };
		9DC1D4AB2A9F51C3008B118A /* UserInfoInteractor.swift */ = {isa = PBXFileReference; lastKnownFileType = sourcecode.swift; path = UserInfoInteractor.swift; sourceTree = "<group>"; };
		9DC1D4AD2A9F51CD008B118A /* UserInfoPresenter.swift */ = {isa = PBXFileReference; lastKnownFileType = sourcecode.swift; path = UserInfoPresenter.swift; sourceTree = "<group>"; };
		9DC1D4AF2A9F5C34008B118A /* UserInfoTextField.swift */ = {isa = PBXFileReference; lastKnownFileType = sourcecode.swift; path = UserInfoTextField.swift; sourceTree = "<group>"; };
		9DC1D4B12AA11D2F008B118A /* UserInfoCell.swift */ = {isa = PBXFileReference; lastKnownFileType = sourcecode.swift; path = UserInfoCell.swift; sourceTree = "<group>"; };
		9DC48FAF2A48D39B0021362D /* ArchO.app */ = {isa = PBXFileReference; explicitFileType = wrapper.application; includeInIndex = 0; path = ArchO.app; sourceTree = BUILT_PRODUCTS_DIR; };
		9DC48FB22A48D39B0021362D /* AppDelegate.swift */ = {isa = PBXFileReference; lastKnownFileType = sourcecode.swift; path = AppDelegate.swift; sourceTree = "<group>"; };
		9DC48FB42A48D39B0021362D /* SceneDelegate.swift */ = {isa = PBXFileReference; lastKnownFileType = sourcecode.swift; path = SceneDelegate.swift; sourceTree = "<group>"; };
		9DC48FBB2A48D39C0021362D /* Assets.xcassets */ = {isa = PBXFileReference; lastKnownFileType = folder.assetcatalog; path = Assets.xcassets; sourceTree = "<group>"; };
		9DC48FBE2A48D39C0021362D /* Base */ = {isa = PBXFileReference; lastKnownFileType = file.storyboard; name = Base; path = Base.lproj/LaunchScreen.storyboard; sourceTree = "<group>"; };
		9DC48FC02A48D39C0021362D /* Info.plist */ = {isa = PBXFileReference; lastKnownFileType = text.plist.xml; path = Info.plist; sourceTree = "<group>"; };
		9DC48FCA2A4EB0070021362D /* Service+Prot.swift */ = {isa = PBXFileReference; lastKnownFileType = sourcecode.swift; path = "Service+Prot.swift"; sourceTree = "<group>"; };
		9DC48FCC2A4EB4D20021362D /* ServiceInjector.swift */ = {isa = PBXFileReference; lastKnownFileType = sourcecode.swift; path = ServiceInjector.swift; sourceTree = "<group>"; };
		9DC48FD02A4EC1060021362D /* FBAuth.swift */ = {isa = PBXFileReference; lastKnownFileType = sourcecode.swift; path = FBAuth.swift; sourceTree = "<group>"; };
		9DC48FD22A4EC12F0021362D /* FirestoreDB.swift */ = {isa = PBXFileReference; lastKnownFileType = sourcecode.swift; path = FirestoreDB.swift; sourceTree = "<group>"; };
		9DC48FD42A4EC17A0021362D /* DataStore.swift */ = {isa = PBXFileReference; lastKnownFileType = sourcecode.swift; path = DataStore.swift; sourceTree = "<group>"; };
		9DC48FDF2A58A6310021362D /* CoordinatorProtocol.swift */ = {isa = PBXFileReference; lastKnownFileType = sourcecode.swift; path = CoordinatorProtocol.swift; sourceTree = "<group>"; };
		9DC48FE12A58A6BD0021362D /* MainCoordinator.swift */ = {isa = PBXFileReference; lastKnownFileType = sourcecode.swift; path = MainCoordinator.swift; sourceTree = "<group>"; };
		9DC48FEA2A58A9A60021362D /* ProfileCoordinator.swift */ = {isa = PBXFileReference; lastKnownFileType = sourcecode.swift; path = ProfileCoordinator.swift; sourceTree = "<group>"; };
		9DC48FEC2A58A9B10021362D /* SettingsCoordinator.swift */ = {isa = PBXFileReference; lastKnownFileType = sourcecode.swift; path = SettingsCoordinator.swift; sourceTree = "<group>"; };
		9DC48FEE2A58A9BB0021362D /* CardCoordinator.swift */ = {isa = PBXFileReference; lastKnownFileType = sourcecode.swift; path = CardCoordinator.swift; sourceTree = "<group>"; };
		9DC48FF02A58A9C80021362D /* MessagesCoordinator.swift */ = {isa = PBXFileReference; lastKnownFileType = sourcecode.swift; path = MessagesCoordinator.swift; sourceTree = "<group>"; };
		9DC48FF72A58AD010021362D /* MainVC.swift */ = {isa = PBXFileReference; lastKnownFileType = sourcecode.swift; path = MainVC.swift; sourceTree = "<group>"; };
		9DC48FF92A5FF4940021362D /* SettingsVC.swift */ = {isa = PBXFileReference; lastKnownFileType = sourcecode.swift; path = SettingsVC.swift; sourceTree = "<group>"; };
		9DC48FFF2A604DE20021362D /* CardVC.swift */ = {isa = PBXFileReference; lastKnownFileType = sourcecode.swift; path = CardVC.swift; sourceTree = "<group>"; };
		9DC490012A6054DA0021362D /* MessagesVC.swift */ = {isa = PBXFileReference; lastKnownFileType = sourcecode.swift; path = MessagesVC.swift; sourceTree = "<group>"; };
		9DC490032A605AEA0021362D /* ProfileVC.swift */ = {isa = PBXFileReference; lastKnownFileType = sourcecode.swift; path = ProfileVC.swift; sourceTree = "<group>"; };
		9DC490052A609E930021362D /* ProfileInteractor.swift */ = {isa = PBXFileReference; lastKnownFileType = sourcecode.swift; path = ProfileInteractor.swift; sourceTree = "<group>"; };
		9DC490072A609ECB0021362D /* ProfilePresenter.swift */ = {isa = PBXFileReference; lastKnownFileType = sourcecode.swift; path = ProfilePresenter.swift; sourceTree = "<group>"; };
		9DC490092A6156790021362D /* GoogleService-Info.plist */ = {isa = PBXFileReference; fileEncoding = 4; lastKnownFileType = text.plist.xml; name = "GoogleService-Info.plist"; path = "../../../../../../Downloads/GoogleService-Info.plist"; sourceTree = "<group>"; };
		9DC4901C2A6166640021362D /* ImageNames.swift */ = {isa = PBXFileReference; lastKnownFileType = sourcecode.swift; path = ImageNames.swift; sourceTree = "<group>"; };
		9DC4901E2A6168080021362D /* UICollor.swift */ = {isa = PBXFileReference; lastKnownFileType = sourcecode.swift; path = UICollor.swift; sourceTree = "<group>"; };
		9DC4902D2A616F400021362D /* AuthOptionVC.swift */ = {isa = PBXFileReference; fileEncoding = 4; lastKnownFileType = sourcecode.swift; path = AuthOptionVC.swift; sourceTree = "<group>"; };
		9DC4902F2A616F560021362D /* AuthCoordinator.swift */ = {isa = PBXFileReference; fileEncoding = 4; lastKnownFileType = sourcecode.swift; path = AuthCoordinator.swift; sourceTree = "<group>"; };
		9DC490312A6171AE0021362D /* UIView.swift */ = {isa = PBXFileReference; lastKnownFileType = sourcecode.swift; path = UIView.swift; sourceTree = "<group>"; };
/* End PBXFileReference section */

/* Begin PBXFrameworksBuildPhase section */
		9DC48FAC2A48D39B0021362D /* Frameworks */ = {
			isa = PBXFrameworksBuildPhase;
			buildActionMask = 2147483647;
			files = (
				9DC490112A6157510021362D /* FirebaseDatabaseSwift in Frameworks */,
				9DC4900D2A6157510021362D /* FirebaseAnalyticsSwift in Frameworks */,
				9DC4900F2A6157510021362D /* FirebaseAuth in Frameworks */,
				9DC490152A6157510021362D /* FirebaseStorage in Frameworks */,
				9DC490132A6157510021362D /* FirebaseFirestoreSwift in Frameworks */,
			);
			runOnlyForDeploymentPostprocessing = 0;
		};
/* End PBXFrameworksBuildPhase section */

/* Begin PBXGroup section */
		9D7AA3692A8FAF5A005E0755 /* ProfileSection */ = {
			isa = PBXGroup;
			children = (
				9DC490032A605AEA0021362D /* ProfileVC.swift */,
				9DC490052A609E930021362D /* ProfileInteractor.swift */,
				9DC490072A609ECB0021362D /* ProfilePresenter.swift */,
				9D7AA36C2A8FC5D9005E0755 /* CardCell.swift */,
			);
			path = ProfileSection;
			sourceTree = "<group>";
		};
		9DAF8A532A6C46D200FCD25E /* SignInSection */ = {
			isa = PBXGroup;
			children = (
				9DAF8A412A657D6300FCD25E /* SignInVC.swift */,
				9DAF8A4F2A6C46AE00FCD25E /* SignInInteractor.swift */,
				9DAF8A512A6C46C100FCD25E /* SignInPresenter.swift */,
			);
			path = SignInSection;
			sourceTree = "<group>";
		};
		9DAF8A5A2A717FC800FCD25E /* SignUpSection */ = {
			isa = PBXGroup;
			children = (
				9D7AA3612A854865005E0755 /* SignUpOptionVC.swift */,
				9D7AA3632A8564CD005E0755 /* SignUpVC.swift */,
				9D7AA3652A85671C005E0755 /* SignUpInteractor.swift */,
				9D7AA3672A856754005E0755 /* SignUpPresenter.swift */,
			);
			name = SignUpSection;
			sourceTree = "<group>";
		};
		9DC1D4A82A9F5179008B118A /* UserInfoSection */ = {
			isa = PBXGroup;
			children = (
				9DC1D4A92A9F51AE008B118A /* UserInfoVC.swift */,
				9DC1D4AB2A9F51C3008B118A /* UserInfoInteractor.swift */,
				9DC1D4AD2A9F51CD008B118A /* UserInfoPresenter.swift */,
				9DC1D4B12AA11D2F008B118A /* UserInfoCell.swift */,
				9DC1D4AF2A9F5C34008B118A /* UserInfoTextField.swift */,
			);
			path = UserInfoSection;
			sourceTree = "<group>";
		};
		9DC48FA62A48D39B0021362D = {
			isa = PBXGroup;
			children = (
				9DC48FB12A48D39B0021362D /* ArchO */,
				9DC48FB02A48D39B0021362D /* Products */,
			);
			sourceTree = "<group>";
		};
		9DC48FB02A48D39B0021362D /* Products */ = {
			isa = PBXGroup;
			children = (
				9DC48FAF2A48D39B0021362D /* ArchO.app */,
			);
			name = Products;
			sourceTree = "<group>";
		};
		9DC48FB12A48D39B0021362D /* ArchO */ = {
			isa = PBXGroup;
			children = (
				9DC48FB22A48D39B0021362D /* AppDelegate.swift */,
				9DC48FB42A48D39B0021362D /* SceneDelegate.swift */,
				9DC48FE92A58A9890021362D /* Service */,
				9DC48FE82A58A94E0021362D /* Protocols */,
				9DC490212A616C5C0021362D /* Modules */,
				9DC4901B2A61663C0021362D /* Extensions+ */,
				9DC48FBB2A48D39C0021362D /* Assets.xcassets */,
				9DC48FBD2A48D39C0021362D /* LaunchScreen.storyboard */,
				9DC48FC02A48D39C0021362D /* Info.plist */,
				9DC490092A6156790021362D /* GoogleService-Info.plist */,
			);
			path = ArchO;
			sourceTree = "<group>";
		};
		9DC48FD62A4EC18C0021362D /* Services */ = {
			isa = PBXGroup;
			children = (
				9DC48FD02A4EC1060021362D /* FBAuth.swift */,
				9DADBC632AA1F545002B3C6F /* DBUser.swift */,
				9D7AA36F2A962075005E0755 /* DBUserManager.swift */,
				9DC48FD22A4EC12F0021362D /* FirestoreDB.swift */,
				9DC48FD42A4EC17A0021362D /* DataStore.swift */,
			);
			path = Services;
			sourceTree = "<group>";
		};
		9DC48FE32A58A8D00021362D /* MessagesModule */ = {
			isa = PBXGroup;
			children = (
				9DC48FF02A58A9C80021362D /* MessagesCoordinator.swift */,
				9DC490012A6054DA0021362D /* MessagesVC.swift */,
			);
			path = MessagesModule;
			sourceTree = "<group>";
		};
		9DC48FE42A58A8F00021362D /* CardModule */ = {
			isa = PBXGroup;
			children = (
				9DC48FEE2A58A9BB0021362D /* CardCoordinator.swift */,
				9DC48FFF2A604DE20021362D /* CardVC.swift */,
			);
			path = CardModule;
			sourceTree = "<group>";
		};
		9DC48FE52A58A90B0021362D /* SettingsModule */ = {
			isa = PBXGroup;
			children = (
				9DC48FEC2A58A9B10021362D /* SettingsCoordinator.swift */,
				9DC48FF92A5FF4940021362D /* SettingsVC.swift */,
			);
			path = SettingsModule;
			sourceTree = "<group>";
		};
		9DC48FE62A58A9150021362D /* ProfileModule */ = {
			isa = PBXGroup;
			children = (
				9DC48FEA2A58A9A60021362D /* ProfileCoordinator.swift */,
				9D7AA36A2A8FAF86005E0755 /* ProfileNC.swift */,
				9D7AA3692A8FAF5A005E0755 /* ProfileSection */,
				9DC1D4A82A9F5179008B118A /* UserInfoSection */,
			);
			path = ProfileModule;
			sourceTree = "<group>";
		};
		9DC48FE72A58A93E0021362D /* MainModule */ = {
			isa = PBXGroup;
			children = (
				9DC48FE12A58A6BD0021362D /* MainCoordinator.swift */,
				9DC48FF72A58AD010021362D /* MainVC.swift */,
				9DAF8A562A71742800FCD25E /* MainInteractor.swift */,
				9DAF8A582A71743300FCD25E /* MainPresenter.swift */,
			);
			path = MainModule;
			sourceTree = "<group>";
		};
		9DC48FE82A58A94E0021362D /* Protocols */ = {
			isa = PBXGroup;
			children = (
				9DC48FCA2A4EB0070021362D /* Service+Prot.swift */,
				9DC48FDF2A58A6310021362D /* CoordinatorProtocol.swift */,
			);
			path = Protocols;
			sourceTree = "<group>";
		};
		9DC48FE92A58A9890021362D /* Service */ = {
			isa = PBXGroup;
			children = (
				9DC48FCC2A4EB4D20021362D /* ServiceInjector.swift */,
				9DC48FD62A4EC18C0021362D /* Services */,
			);
			path = Service;
			sourceTree = "<group>";
		};
		9DC4901B2A61663C0021362D /* Extensions+ */ = {
			isa = PBXGroup;
			children = (
				9DC4901C2A6166640021362D /* ImageNames.swift */,
				9DAF8A542A716A9C00FCD25E /* Evaluator.swift */,
				9DC4901E2A6168080021362D /* UICollor.swift */,
				9DC490312A6171AE0021362D /* UIView.swift */,
			);
			name = "Extensions+";
			path = Protocols;
			sourceTree = "<group>";
		};
		9DC490212A616C5C0021362D /* Modules */ = {
			isa = PBXGroup;
			children = (
				9DC48FE72A58A93E0021362D /* MainModule */,
				9DC4902C2A616F0D0021362D /* AuthModule */,
				9DC48FE62A58A9150021362D /* ProfileModule */,
				9DC48FE32A58A8D00021362D /* MessagesModule */,
				9DC48FE42A58A8F00021362D /* CardModule */,
				9DC48FE52A58A90B0021362D /* SettingsModule */,
			);
			path = Modules;
			sourceTree = "<group>";
		};
		9DC4902C2A616F0D0021362D /* AuthModule */ = {
			isa = PBXGroup;
			children = (
				9DC4902F2A616F560021362D /* AuthCoordinator.swift */,
				9DBE1EFF2A81334D00EBFCFA /* AuthNC.swift */,
				9DC4902D2A616F400021362D /* AuthOptionVC.swift */,
				9DAF8A532A6C46D200FCD25E /* SignInSection */,
				9DAF8A5A2A717FC800FCD25E /* SignUpSection */,
			);
			path = AuthModule;
			sourceTree = "<group>";
		};
/* End PBXGroup section */

/* Begin PBXNativeTarget section */
		9DC48FAE2A48D39B0021362D /* ArchO */ = {
			isa = PBXNativeTarget;
			buildConfigurationList = 9DC48FC32A48D39C0021362D /* Build configuration list for PBXNativeTarget "ArchO" */;
			buildPhases = (
				9DC48FAB2A48D39B0021362D /* Sources */,
				9DC48FAC2A48D39B0021362D /* Frameworks */,
				9DC48FAD2A48D39B0021362D /* Resources */,
			);
			buildRules = (
			);
			dependencies = (
			);
			name = ArchO;
			packageProductDependencies = (
				9DC4900C2A6157510021362D /* FirebaseAnalyticsSwift */,
				9DC4900E2A6157510021362D /* FirebaseAuth */,
				9DC490102A6157510021362D /* FirebaseDatabaseSwift */,
				9DC490122A6157510021362D /* FirebaseFirestoreSwift */,
				9DC490142A6157510021362D /* FirebaseStorage */,
			);
			productName = ArchO;
			productReference = 9DC48FAF2A48D39B0021362D /* ArchO.app */;
			productType = "com.apple.product-type.application";
		};
/* End PBXNativeTarget section */

/* Begin PBXProject section */
		9DC48FA72A48D39B0021362D /* Project object */ = {
			isa = PBXProject;
			attributes = {
				BuildIndependentTargetsInParallel = 1;
				LastSwiftUpdateCheck = 1430;
				LastUpgradeCheck = 1430;
				TargetAttributes = {
					9DC48FAE2A48D39B0021362D = {
						CreatedOnToolsVersion = 14.3.1;
					};
				};
			};
			buildConfigurationList = 9DC48FAA2A48D39B0021362D /* Build configuration list for PBXProject "ArchO" */;
			compatibilityVersion = "Xcode 14.0";
			developmentRegion = en;
			hasScannedForEncodings = 0;
			knownRegions = (
				en,
				Base,
			);
			mainGroup = 9DC48FA62A48D39B0021362D;
			packageReferences = (
				9DC4900B2A6157510021362D /* XCRemoteSwiftPackageReference "firebase-ios-sdk" */,
			);
			productRefGroup = 9DC48FB02A48D39B0021362D /* Products */;
			projectDirPath = "";
			projectRoot = "";
			targets = (
				9DC48FAE2A48D39B0021362D /* ArchO */,
			);
		};
/* End PBXProject section */

/* Begin PBXResourcesBuildPhase section */
		9DC48FAD2A48D39B0021362D /* Resources */ = {
			isa = PBXResourcesBuildPhase;
			buildActionMask = 2147483647;
			files = (
				9DC48FBF2A48D39C0021362D /* LaunchScreen.storyboard in Resources */,
				9DC48FBC2A48D39C0021362D /* Assets.xcassets in Resources */,
				9DC4900A2A6156790021362D /* GoogleService-Info.plist in Resources */,
			);
			runOnlyForDeploymentPostprocessing = 0;
		};
/* End PBXResourcesBuildPhase section */

/* Begin PBXSourcesBuildPhase section */
		9DC48FAB2A48D39B0021362D /* Sources */ = {
			isa = PBXSourcesBuildPhase;
			buildActionMask = 2147483647;
			files = (
				9DC4902E2A616F400021362D /* AuthOptionVC.swift in Sources */,
				9DC48FE22A58A6BD0021362D /* MainCoordinator.swift in Sources */,
				9DC48FD12A4EC1060021362D /* FBAuth.swift in Sources */,
				9D7AA3702A962075005E0755 /* DBUserManager.swift in Sources */,
				9DC48FFA2A5FF4940021362D /* SettingsVC.swift in Sources */,
				9DAF8A592A71743300FCD25E /* MainPresenter.swift in Sources */,
				9DC490022A6054DA0021362D /* MessagesVC.swift in Sources */,
				9DC48FD52A4EC17A0021362D /* DataStore.swift in Sources */,
				9DAF8A422A657D6300FCD25E /* SignInVC.swift in Sources */,
				9DC48FD32A4EC12F0021362D /* FirestoreDB.swift in Sources */,
				9DC48FB32A48D39B0021362D /* AppDelegate.swift in Sources */,
				9DBE1F002A81334D00EBFCFA /* AuthNC.swift in Sources */,
				9DC48FF82A58AD010021362D /* MainVC.swift in Sources */,
				9DC48FE02A58A6310021362D /* CoordinatorProtocol.swift in Sources */,
				9DAF8A522A6C46C100FCD25E /* SignInPresenter.swift in Sources */,
				9D7AA3622A854865005E0755 /* SignUpOptionVC.swift in Sources */,
				9DC490062A609E930021362D /* ProfileInteractor.swift in Sources */,
				9D7AA3642A8564CD005E0755 /* SignUpVC.swift in Sources */,
				9DAF8A502A6C46AE00FCD25E /* SignInInteractor.swift in Sources */,
				9D7AA3682A856754005E0755 /* SignUpPresenter.swift in Sources */,
				9DC1D4B22AA11D2F008B118A /* UserInfoCell.swift in Sources */,
				9DC1D4B02A9F5C34008B118A /* UserInfoTextField.swift in Sources */,
				9DC48FEF2A58A9BB0021362D /* CardCoordinator.swift in Sources */,
				9DC48FB52A48D39B0021362D /* SceneDelegate.swift in Sources */,
				9DC490002A604DE20021362D /* CardVC.swift in Sources */,
				9DC1D4AE2A9F51CD008B118A /* UserInfoPresenter.swift in Sources */,
				9DAF8A552A716A9C00FCD25E /* Evaluator.swift in Sources */,
				9DC490042A605AEA0021362D /* ProfileVC.swift in Sources */,
				9DC48FF12A58A9C80021362D /* MessagesCoordinator.swift in Sources */,
				9DC1D4AC2A9F51C3008B118A /* UserInfoInteractor.swift in Sources */,
				9DC4901D2A6166640021362D /* ImageNames.swift in Sources */,
				9DC4901F2A6168080021362D /* UICollor.swift in Sources */,
				9DC48FCB2A4EB0070021362D /* Service+Prot.swift in Sources */,
				9DAF8A572A71742800FCD25E /* MainInteractor.swift in Sources */,
				9D7AA36D2A8FC5D9005E0755 /* CardCell.swift in Sources */,
				9DC48FED2A58A9B10021362D /* SettingsCoordinator.swift in Sources */,
				9DC490322A6171AE0021362D /* UIView.swift in Sources */,
				9DC48FEB2A58A9A60021362D /* ProfileCoordinator.swift in Sources */,
				9D7AA36B2A8FAF86005E0755 /* ProfileNC.swift in Sources */,
				9DADBC642AA1F545002B3C6F /* DBUser.swift in Sources */,
				9DC490082A609ECB0021362D /* ProfilePresenter.swift in Sources */,
				9DC490302A616F560021362D /* AuthCoordinator.swift in Sources */,
				9D7AA3662A85671C005E0755 /* SignUpInteractor.swift in Sources */,
				9DC48FCD2A4EB4D20021362D /* ServiceInjector.swift in Sources */,
				9DC1D4AA2A9F51AE008B118A /* UserInfoVC.swift in Sources */,
			);
			runOnlyForDeploymentPostprocessing = 0;
		};
/* End PBXSourcesBuildPhase section */

/* Begin PBXVariantGroup section */
		9DC48FBD2A48D39C0021362D /* LaunchScreen.storyboard */ = {
			isa = PBXVariantGroup;
			children = (
				9DC48FBE2A48D39C0021362D /* Base */,
			);
			name = LaunchScreen.storyboard;
			sourceTree = "<group>";
		};
/* End PBXVariantGroup section */

/* Begin XCBuildConfiguration section */
		9DC48FC12A48D39C0021362D /* Debug */ = {
			isa = XCBuildConfiguration;
			buildSettings = {
				ALWAYS_SEARCH_USER_PATHS = NO;
				CLANG_ANALYZER_NONNULL = YES;
				CLANG_ANALYZER_NUMBER_OBJECT_CONVERSION = YES_AGGRESSIVE;
				CLANG_CXX_LANGUAGE_STANDARD = "gnu++20";
				CLANG_ENABLE_MODULES = YES;
				CLANG_ENABLE_OBJC_ARC = YES;
				CLANG_ENABLE_OBJC_WEAK = YES;
				CLANG_WARN_BLOCK_CAPTURE_AUTORELEASING = YES;
				CLANG_WARN_BOOL_CONVERSION = YES;
				CLANG_WARN_COMMA = YES;
				CLANG_WARN_CONSTANT_CONVERSION = YES;
				CLANG_WARN_DEPRECATED_OBJC_IMPLEMENTATIONS = YES;
				CLANG_WARN_DIRECT_OBJC_ISA_USAGE = YES_ERROR;
				CLANG_WARN_DOCUMENTATION_COMMENTS = YES;
				CLANG_WARN_EMPTY_BODY = YES;
				CLANG_WARN_ENUM_CONVERSION = YES;
				CLANG_WARN_INFINITE_RECURSION = YES;
				CLANG_WARN_INT_CONVERSION = YES;
				CLANG_WARN_NON_LITERAL_NULL_CONVERSION = YES;
				CLANG_WARN_OBJC_IMPLICIT_RETAIN_SELF = YES;
				CLANG_WARN_OBJC_LITERAL_CONVERSION = YES;
				CLANG_WARN_OBJC_ROOT_CLASS = YES_ERROR;
				CLANG_WARN_QUOTED_INCLUDE_IN_FRAMEWORK_HEADER = YES;
				CLANG_WARN_RANGE_LOOP_ANALYSIS = YES;
				CLANG_WARN_STRICT_PROTOTYPES = YES;
				CLANG_WARN_SUSPICIOUS_MOVE = YES;
				CLANG_WARN_UNGUARDED_AVAILABILITY = YES_AGGRESSIVE;
				CLANG_WARN_UNREACHABLE_CODE = YES;
				CLANG_WARN__DUPLICATE_METHOD_MATCH = YES;
				COPY_PHASE_STRIP = NO;
				DEBUG_INFORMATION_FORMAT = dwarf;
				ENABLE_STRICT_OBJC_MSGSEND = YES;
				ENABLE_TESTABILITY = YES;
				GCC_C_LANGUAGE_STANDARD = gnu11;
				GCC_DYNAMIC_NO_PIC = NO;
				GCC_NO_COMMON_BLOCKS = YES;
				GCC_OPTIMIZATION_LEVEL = 0;
				GCC_PREPROCESSOR_DEFINITIONS = (
					"DEBUG=1",
					"$(inherited)",
				);
				GCC_WARN_64_TO_32_BIT_CONVERSION = YES;
				GCC_WARN_ABOUT_RETURN_TYPE = YES_ERROR;
				GCC_WARN_UNDECLARED_SELECTOR = YES;
				GCC_WARN_UNINITIALIZED_AUTOS = YES_AGGRESSIVE;
				GCC_WARN_UNUSED_FUNCTION = YES;
				GCC_WARN_UNUSED_VARIABLE = YES;
				IPHONEOS_DEPLOYMENT_TARGET = 16.4;
				MTL_ENABLE_DEBUG_INFO = INCLUDE_SOURCE;
				MTL_FAST_MATH = YES;
				ONLY_ACTIVE_ARCH = YES;
				SDKROOT = iphoneos;
				SWIFT_ACTIVE_COMPILATION_CONDITIONS = DEBUG;
				SWIFT_OPTIMIZATION_LEVEL = "-Onone";
			};
			name = Debug;
		};
		9DC48FC22A48D39C0021362D /* Release */ = {
			isa = XCBuildConfiguration;
			buildSettings = {
				ALWAYS_SEARCH_USER_PATHS = NO;
				CLANG_ANALYZER_NONNULL = YES;
				CLANG_ANALYZER_NUMBER_OBJECT_CONVERSION = YES_AGGRESSIVE;
				CLANG_CXX_LANGUAGE_STANDARD = "gnu++20";
				CLANG_ENABLE_MODULES = YES;
				CLANG_ENABLE_OBJC_ARC = YES;
				CLANG_ENABLE_OBJC_WEAK = YES;
				CLANG_WARN_BLOCK_CAPTURE_AUTORELEASING = YES;
				CLANG_WARN_BOOL_CONVERSION = YES;
				CLANG_WARN_COMMA = YES;
				CLANG_WARN_CONSTANT_CONVERSION = YES;
				CLANG_WARN_DEPRECATED_OBJC_IMPLEMENTATIONS = YES;
				CLANG_WARN_DIRECT_OBJC_ISA_USAGE = YES_ERROR;
				CLANG_WARN_DOCUMENTATION_COMMENTS = YES;
				CLANG_WARN_EMPTY_BODY = YES;
				CLANG_WARN_ENUM_CONVERSION = YES;
				CLANG_WARN_INFINITE_RECURSION = YES;
				CLANG_WARN_INT_CONVERSION = YES;
				CLANG_WARN_NON_LITERAL_NULL_CONVERSION = YES;
				CLANG_WARN_OBJC_IMPLICIT_RETAIN_SELF = YES;
				CLANG_WARN_OBJC_LITERAL_CONVERSION = YES;
				CLANG_WARN_OBJC_ROOT_CLASS = YES_ERROR;
				CLANG_WARN_QUOTED_INCLUDE_IN_FRAMEWORK_HEADER = YES;
				CLANG_WARN_RANGE_LOOP_ANALYSIS = YES;
				CLANG_WARN_STRICT_PROTOTYPES = YES;
				CLANG_WARN_SUSPICIOUS_MOVE = YES;
				CLANG_WARN_UNGUARDED_AVAILABILITY = YES_AGGRESSIVE;
				CLANG_WARN_UNREACHABLE_CODE = YES;
				CLANG_WARN__DUPLICATE_METHOD_MATCH = YES;
				COPY_PHASE_STRIP = NO;
				DEBUG_INFORMATION_FORMAT = "dwarf-with-dsym";
				ENABLE_NS_ASSERTIONS = NO;
				ENABLE_STRICT_OBJC_MSGSEND = YES;
				GCC_C_LANGUAGE_STANDARD = gnu11;
				GCC_NO_COMMON_BLOCKS = YES;
				GCC_WARN_64_TO_32_BIT_CONVERSION = YES;
				GCC_WARN_ABOUT_RETURN_TYPE = YES_ERROR;
				GCC_WARN_UNDECLARED_SELECTOR = YES;
				GCC_WARN_UNINITIALIZED_AUTOS = YES_AGGRESSIVE;
				GCC_WARN_UNUSED_FUNCTION = YES;
				GCC_WARN_UNUSED_VARIABLE = YES;
				IPHONEOS_DEPLOYMENT_TARGET = 16.4;
				MTL_ENABLE_DEBUG_INFO = NO;
				MTL_FAST_MATH = YES;
				SDKROOT = iphoneos;
				SWIFT_COMPILATION_MODE = wholemodule;
				SWIFT_OPTIMIZATION_LEVEL = "-O";
				VALIDATE_PRODUCT = YES;
			};
			name = Release;
		};
		9DC48FC42A48D39C0021362D /* Debug */ = {
			isa = XCBuildConfiguration;
			buildSettings = {
				ASSETCATALOG_COMPILER_APPICON_NAME = AppIcon;
				ASSETCATALOG_COMPILER_GLOBAL_ACCENT_COLOR_NAME = AccentColor;
				CODE_SIGN_STYLE = Automatic;
				CURRENT_PROJECT_VERSION = 1;
				DEVELOPMENT_TEAM = KV44Y72Q9R;
				GENERATE_INFOPLIST_FILE = YES;
				INFOPLIST_FILE = ArchO/Info.plist;
				INFOPLIST_KEY_UIApplicationSupportsIndirectInputEvents = YES;
				INFOPLIST_KEY_UILaunchStoryboardName = LaunchScreen;
				INFOPLIST_KEY_UISupportedInterfaceOrientations = UIInterfaceOrientationPortrait;
				IPHONEOS_DEPLOYMENT_TARGET = 14.0;
				LD_RUNPATH_SEARCH_PATHS = (
					"$(inherited)",
					"@executable_path/Frameworks",
				);
				MARKETING_VERSION = 1.0;
				PRODUCT_BUNDLE_IDENTIFIER = DFA.ArchO;
				PRODUCT_NAME = "$(TARGET_NAME)";
				SUPPORTED_PLATFORMS = "iphoneos iphonesimulator";
				SUPPORTS_MACCATALYST = NO;
				SUPPORTS_MAC_DESIGNED_FOR_IPHONE_IPAD = YES;
				SWIFT_EMIT_LOC_STRINGS = YES;
				SWIFT_VERSION = 5.0;
				TARGETED_DEVICE_FAMILY = 1;
			};
			name = Debug;
		};
		9DC48FC52A48D39C0021362D /* Release */ = {
			isa = XCBuildConfiguration;
			buildSettings = {
				ASSETCATALOG_COMPILER_APPICON_NAME = AppIcon;
				ASSETCATALOG_COMPILER_GLOBAL_ACCENT_COLOR_NAME = AccentColor;
				CODE_SIGN_STYLE = Automatic;
				CURRENT_PROJECT_VERSION = 1;
				DEVELOPMENT_TEAM = KV44Y72Q9R;
				GENERATE_INFOPLIST_FILE = YES;
				INFOPLIST_FILE = ArchO/Info.plist;
				INFOPLIST_KEY_UIApplicationSupportsIndirectInputEvents = YES;
				INFOPLIST_KEY_UILaunchStoryboardName = LaunchScreen;
				INFOPLIST_KEY_UISupportedInterfaceOrientations = UIInterfaceOrientationPortrait;
				IPHONEOS_DEPLOYMENT_TARGET = 14.0;
				LD_RUNPATH_SEARCH_PATHS = (
					"$(inherited)",
					"@executable_path/Frameworks",
				);
				MARKETING_VERSION = 1.0;
				PRODUCT_BUNDLE_IDENTIFIER = DFA.ArchO;
				PRODUCT_NAME = "$(TARGET_NAME)";
				SUPPORTED_PLATFORMS = "iphoneos iphonesimulator";
				SUPPORTS_MACCATALYST = NO;
				SUPPORTS_MAC_DESIGNED_FOR_IPHONE_IPAD = YES;
				SWIFT_EMIT_LOC_STRINGS = YES;
				SWIFT_VERSION = 5.0;
				TARGETED_DEVICE_FAMILY = 1;
			};
			name = Release;
		};
/* End XCBuildConfiguration section */

/* Begin XCConfigurationList section */
		9DC48FAA2A48D39B0021362D /* Build configuration list for PBXProject "ArchO" */ = {
			isa = XCConfigurationList;
			buildConfigurations = (
				9DC48FC12A48D39C0021362D /* Debug */,
				9DC48FC22A48D39C0021362D /* Release */,
			);
			defaultConfigurationIsVisible = 0;
			defaultConfigurationName = Release;
		};
		9DC48FC32A48D39C0021362D /* Build configuration list for PBXNativeTarget "ArchO" */ = {
			isa = XCConfigurationList;
			buildConfigurations = (
				9DC48FC42A48D39C0021362D /* Debug */,
				9DC48FC52A48D39C0021362D /* Release */,
			);
			defaultConfigurationIsVisible = 0;
			defaultConfigurationName = Release;
		};
/* End XCConfigurationList section */

/* Begin XCRemoteSwiftPackageReference section */
		9DC4900B2A6157510021362D /* XCRemoteSwiftPackageReference "firebase-ios-sdk" */ = {
			isa = XCRemoteSwiftPackageReference;
			repositoryURL = "https://github.com/firebase/firebase-ios-sdk";
			requirement = {
				kind = upToNextMajorVersion;
				minimumVersion = 10.0.0;
			};
		};
/* End XCRemoteSwiftPackageReference section */

/* Begin XCSwiftPackageProductDependency section */
		9DC4900C2A6157510021362D /* FirebaseAnalyticsSwift */ = {
			isa = XCSwiftPackageProductDependency;
			package = 9DC4900B2A6157510021362D /* XCRemoteSwiftPackageReference "firebase-ios-sdk" */;
			productName = FirebaseAnalyticsSwift;
		};
		9DC4900E2A6157510021362D /* FirebaseAuth */ = {
			isa = XCSwiftPackageProductDependency;
			package = 9DC4900B2A6157510021362D /* XCRemoteSwiftPackageReference "firebase-ios-sdk" */;
			productName = FirebaseAuth;
		};
		9DC490102A6157510021362D /* FirebaseDatabaseSwift */ = {
			isa = XCSwiftPackageProductDependency;
			package = 9DC4900B2A6157510021362D /* XCRemoteSwiftPackageReference "firebase-ios-sdk" */;
			productName = FirebaseDatabaseSwift;
		};
		9DC490122A6157510021362D /* FirebaseFirestoreSwift */ = {
			isa = XCSwiftPackageProductDependency;
			package = 9DC4900B2A6157510021362D /* XCRemoteSwiftPackageReference "firebase-ios-sdk" */;
			productName = FirebaseFirestoreSwift;
		};
		9DC490142A6157510021362D /* FirebaseStorage */ = {
			isa = XCSwiftPackageProductDependency;
			package = 9DC4900B2A6157510021362D /* XCRemoteSwiftPackageReference "firebase-ios-sdk" */;
			productName = FirebaseStorage;
		};
/* End XCSwiftPackageProductDependency section */
	};
	rootObject = 9DC48FA72A48D39B0021362D /* Project object */;
}
